
Microsoft Visual Studio Solution File, Format Version 12.00
# Visual Studio Version 17
VisualStudioVersion = 17.2.32602.215
MinimumVisualStudioVersion = 10.0.40219.1
Project("{FAE04EC0-301F-11D3-BF4B-00C04F79EFBC}") = "GS FARMA - PEDIDO DE COMPRA-CONSULTA", "GS FARMA - PEDIDO DE COMPRA-CONSULTA\GS FARMA - PEDIDO DE COMPRA-CONSULTA.csproj", "{BB7891E1-3000-438F-8C85-F790178EB311}"
EndProject
Global
	GlobalSection(SolutionConfigurationPlatforms) = preSolution
		Debug|Any CPU = Debug|Any CPU
		Release|Any CPU = Release|Any CPU
	EndGlobalSection
	GlobalSection(ProjectConfigurationPlatforms) = postSolution
		{BB7891E1-3000-438F-8C85-F790178EB311}.Debug|Any CPU.ActiveCfg = Debug|Any CPU
		{BB7891E1-3000-438F-8C85-F790178EB311}.Debug|Any CPU.Build.0 = Debug|Any CPU
		{BB7891E1-3000-438F-8C85-F790178EB311}.Release|Any CPU.ActiveCfg = Release|Any CPU
		{BB7891E1-3000-438F-8C85-F790178EB311}.Release|Any CPU.Build.0 = Release|Any CPU
	EndGlobalSection
	GlobalSection(SolutionProperties) = preSolution
		HideSolutionNode = FALSE
	EndGlobalSection
	GlobalSection(ExtensibilityGlobals) = postSolution
		SolutionGuid = {2741F4A9-132A-4B8D-9663-980D3FE44CB4}
	EndGlobalSection
EndGlobal
